dependencies:
- name: postgresql
  repository: oci://registry-1.docker.io/bitnamicharts
  version: 16.4.5
- name: mariadb
  repository: oci://registry-1.docker.io/bitnamicharts
  version: 19.1.0
- name: redis
  repository: oci://registry-1.docker.io/bitnamicharts
  version: 20.6.1
- name: collabora-online
  repository: https://collaboraonline.github.io/online
  version: 1.1.28
digest: sha256:f1526c90a18b79a85ce06fa31ac5ea3a24ef6fbafa5ffeb0456ee02c180105f7
generated: "2025-01-21T05:47:44.662949595Z"
