dependencies:
- name: postgresql
  repository: oci://registry-1.docker.io/bitnamicharts
  version: 16.4.7
- name: mariadb
  repository: oci://registry-1.docker.io/bitnamicharts
  version: 19.1.0
- name: redis
  repository: oci://registry-1.docker.io/bitnamicharts
  version: 20.6.1
- name: collabora-online
  repository: https://collaboraonline.github.io/online
  version: 1.1.28
digest: sha256:967f96298d905b275580ddf3a27451de304c7e94e4593ce69b7acb75761a9a51
generated: "2025-02-10T13:01:59.77336196Z"
