dependencies:
- name: postgresql
  repository: oci://registry-1.docker.io/bitnamicharts
  version: 16.4.3
- name: mariadb
  repository: oci://registry-1.docker.io/bitnamicharts
  version: 19.1.0
- name: redis
  repository: oci://registry-1.docker.io/bitnamicharts
  version: 20.6.1
- name: collabora-online
  repository: https://collaboraonline.github.io/online
  version: 1.1.28
digest: sha256:997aaae1505efbd9931dd939ee381eb1ee3f60412234633f1358b03adf25d02f
generated: "2025-01-15T14:26:52.938931257Z"
